
Microsoft Visual Studio Solution File, Format Version 12.00
# Visual Studio Version 17
VisualStudioVersion = 17.9.34607.119
MinimumVisualStudioVersion = 10.0.40219.1
Project("{9A19103F-16F7-4668-BE54-9A1E7A4F7556}") = "Gaaaabor.Akka.Discovery.Docker", "src\Gaaaabor.Akka.Discovery.Docker\Gaaaabor.Akka.Discovery.Docker.csproj", "{3600BC2B-A074-441F-95B1-73143CF49438}"
EndProject
Project("{9A19103F-16F7-4668-BE54-9A1E7A4F7556}") = "DockerExample", "examples\DockerExample\DockerExample.csproj", "{2F0C9530-8F65-4301-B9FF-E536F45F99BA}"
EndProject
Project("{E53339B2-1760-4266-BCC7-CA923CBCF16C}") = "docker-compose", "docker-compose.dcproj", "{5B0170F4-A930-4DE9-9F94-E5A314CAD03B}"
EndProject
Global
	GlobalSection(SolutionConfigurationPlatforms) = preSolution
		Debug|Any CPU = Debug|Any CPU
		Release|Any CPU = Release|Any CPU
	EndGlobalSection
	GlobalSection(ProjectConfigurationPlatforms) = postSolution
		{3600BC2B-A074-441F-95B1-73143CF49438}.Debug|Any CPU.ActiveCfg = Debug|Any CPU
		{3600BC2B-A074-441F-95B1-73143CF49438}.Debug|Any CPU.Build.0 = Debug|Any CPU
		{3600BC2B-A074-441F-95B1-73143CF49438}.Release|Any CPU.ActiveCfg = Release|Any CPU
		{3600BC2B-A074-441F-95B1-73143CF49438}.Release|Any CPU.Build.0 = Release|Any CPU
		{2F0C9530-8F65-4301-B9FF-E536F45F99BA}.Debug|Any CPU.ActiveCfg = Debug|Any CPU
		{2F0C9530-8F65-4301-B9FF-E536F45F99BA}.Debug|Any CPU.Build.0 = Debug|Any CPU
		{2F0C9530-8F65-4301-B9FF-E536F45F99BA}.Release|Any CPU.ActiveCfg = Release|Any CPU
		{2F0C9530-8F65-4301-B9FF-E536F45F99BA}.Release|Any CPU.Build.0 = Release|Any CPU
		{5B0170F4-A930-4DE9-9F94-E5A314CAD03B}.Debug|Any CPU.ActiveCfg = Debug|Any CPU
		{5B0170F4-A930-4DE9-9F94-E5A314CAD03B}.Release|Any CPU.ActiveCfg = Release|Any CPU
		{5B0170F4-A930-4DE9-9F94-E5A314CAD03B}.Release|Any CPU.Build.0 = Release|Any CPU
	EndGlobalSection
	GlobalSection(SolutionProperties) = preSolution
		HideSolutionNode = FALSE
	EndGlobalSection
	GlobalSection(ExtensibilityGlobals) = postSolution
		SolutionGuid = {2F537553-DDCE-449A-96B6-5E2E382CF78B}
	EndGlobalSection
EndGlobal
